
Microsoft Visual Studio Solution File, Format Version 12.00
Project("{FAE04EC0-301F-11D3-BF4B-00C04F79EFBC}") = "backend_api.Core", "Core\backend_api.Core\backend_api.Core.csproj", "{AA317CA1-779B-4F5B-B211-4E7381539737}"
EndProject
Project("{FAE04EC0-301F-11D3-BF4B-00C04F79EFBC}") = "backend_api.Domains", "DomainCore\backend_api.Domains\backend_api.Domains.csproj", "{EBE5007D-D13C-467A-B8C2-97DDBD9ACDB8}"
EndProject
Project("{FAE04EC0-301F-11D3-BF4B-00C04F79EFBC}") = "backend_api.Domains.TestData", "DomainCore\backend_api.Domains.TestData\backend_api.Domains.TestData.csproj", "{EEAAB35B-9A39-4B73-B728-E85BA9E774D4}"
EndProject
Project("{FAE04EC0-301F-11D3-BF4B-00C04F79EFBC}") = "backend_api.DataServices.Interfaces", "DomainCore\backend_api.DataServices.Interfaces\backend_api.DataServices.Interfaces.csproj", "{7B5F3BA8-7F45-4D35-878B-7B0D30C7ACA8}"
EndProject
Project("{FAE04EC0-301F-11D3-BF4B-00C04F79EFBC}") = "backend_api.EFCore.Setup", "Infrastructure.EFCore\backend_api.EFCore.Setup\backend_api.EFCore.Setup.csproj", "{0A4F0FE8-C283-48D8-80AB-4E9951E5C74D}"
EndProject
Project("{FAE04EC0-301F-11D3-BF4B-00C04F79EFBC}") = "backend_api.DataServices.EFCore", "Infrastructure.EFCore\backend_api.DataServices.EFCore\backend_api.DataServices.EFCore.csproj", "{BBEFDE57-213D-40D8-8C00-A0F8813B8758}"
EndProject
Project("{FAE04EC0-301F-11D3-BF4B-00C04F79EFBC}") = "backend_api.DomainServices", "DomainCore\backend_api.DomainServices\backend_api.DomainServices.csproj", "{056F58EE-5678-4E37-B566-D6777B14B653}"
EndProject
Project("{FAE04EC0-301F-11D3-BF4B-00C04F79EFBC}") = "backend_api.DomainServices.ComponentTests.EFCore", "Infrastructure.EFCore\backend_api.DomainServices.ComponentTests.EFCore\backend_api.DomainServices.ComponentTests.EFCore.csproj", "{423E769C-A0E2-4B60-AE94-DC82CEC54290}"
EndProject
Project("{FAE04EC0-301F-11D3-BF4B-00C04F79EFBC}") = "backend_api.WebApi", "WebApi\backend_api.WebApi\backend_api.WebApi.csproj", "{A4E4FDD8-8FC6-42F2-8F46-0123AA73EE93}"
EndProject
Project("{FAE04EC0-301F-11D3-BF4B-00C04F79EFBC}") = "backend_api.Test.Core", "Core\backend_api.Test.Core\backend_api.Test.Core.csproj", "{B20AB42F-A57F-4BC6-89D3-E472103EDF5D}"
EndProject
Global
	GlobalSection(SolutionConfigurationPlatforms) = preSolution
		Debug|Any CPU = Debug|Any CPU
		Release|Any CPU = Release|Any CPU
	EndGlobalSection
	GlobalSection(ProjectConfigurationPlatforms) = postSolution
		{AA317CA1-779B-4F5B-B211-4E7381539737}.Debug|Any CPU.ActiveCfg = Debug|Any CPU
		{AA317CA1-779B-4F5B-B211-4E7381539737}.Debug|Any CPU.Build.0 = Debug|Any CPU
		{AA317CA1-779B-4F5B-B211-4E7381539737}.Release|Any CPU.ActiveCfg = Release|Any CPU
		{AA317CA1-779B-4F5B-B211-4E7381539737}.Release|Any CPU.Build.0 = Release|Any CPU
		{EBE5007D-D13C-467A-B8C2-97DDBD9ACDB8}.Debug|Any CPU.ActiveCfg = Debug|Any CPU
		{EBE5007D-D13C-467A-B8C2-97DDBD9ACDB8}.Debug|Any CPU.Build.0 = Debug|Any CPU
		{EBE5007D-D13C-467A-B8C2-97DDBD9ACDB8}.Release|Any CPU.ActiveCfg = Release|Any CPU
		{EBE5007D-D13C-467A-B8C2-97DDBD9ACDB8}.Release|Any CPU.Build.0 = Release|Any CPU
		{EEAAB35B-9A39-4B73-B728-E85BA9E774D4}.Debug|Any CPU.ActiveCfg = Debug|Any CPU
		{EEAAB35B-9A39-4B73-B728-E85BA9E774D4}.Debug|Any CPU.Build.0 = Debug|Any CPU
		{EEAAB35B-9A39-4B73-B728-E85BA9E774D4}.Release|Any CPU.ActiveCfg = Release|Any CPU
		{EEAAB35B-9A39-4B73-B728-E85BA9E774D4}.Release|Any CPU.Build.0 = Release|Any CPU
		{7B5F3BA8-7F45-4D35-878B-7B0D30C7ACA8}.Debug|Any CPU.ActiveCfg = Debug|Any CPU
		{7B5F3BA8-7F45-4D35-878B-7B0D30C7ACA8}.Debug|Any CPU.Build.0 = Debug|Any CPU
		{7B5F3BA8-7F45-4D35-878B-7B0D30C7ACA8}.Release|Any CPU.ActiveCfg = Release|Any CPU
		{7B5F3BA8-7F45-4D35-878B-7B0D30C7ACA8}.Release|Any CPU.Build.0 = Release|Any CPU
		{0A4F0FE8-C283-48D8-80AB-4E9951E5C74D}.Debug|Any CPU.ActiveCfg = Debug|Any CPU
		{0A4F0FE8-C283-48D8-80AB-4E9951E5C74D}.Debug|Any CPU.Build.0 = Debug|Any CPU
		{0A4F0FE8-C283-48D8-80AB-4E9951E5C74D}.Release|Any CPU.ActiveCfg = Release|Any CPU
		{0A4F0FE8-C283-48D8-80AB-4E9951E5C74D}.Release|Any CPU.Build.0 = Release|Any CPU
		{BBEFDE57-213D-40D8-8C00-A0F8813B8758}.Debug|Any CPU.ActiveCfg = Debug|Any CPU
		{BBEFDE57-213D-40D8-8C00-A0F8813B8758}.Debug|Any CPU.Build.0 = Debug|Any CPU
		{BBEFDE57-213D-40D8-8C00-A0F8813B8758}.Release|Any CPU.ActiveCfg = Release|Any CPU
		{BBEFDE57-213D-40D8-8C00-A0F8813B8758}.Release|Any CPU.Build.0 = Release|Any CPU
		{056F58EE-5678-4E37-B566-D6777B14B653}.Debug|Any CPU.ActiveCfg = Debug|Any CPU
		{056F58EE-5678-4E37-B566-D6777B14B653}.Debug|Any CPU.Build.0 = Debug|Any CPU
		{056F58EE-5678-4E37-B566-D6777B14B653}.Release|Any CPU.ActiveCfg = Release|Any CPU
		{056F58EE-5678-4E37-B566-D6777B14B653}.Release|Any CPU.Build.0 = Release|Any CPU
		{423E769C-A0E2-4B60-AE94-DC82CEC54290}.Debug|Any CPU.ActiveCfg = Debug|Any CPU
		{423E769C-A0E2-4B60-AE94-DC82CEC54290}.Debug|Any CPU.Build.0 = Debug|Any CPU
		{423E769C-A0E2-4B60-AE94-DC82CEC54290}.Release|Any CPU.ActiveCfg = Release|Any CPU
		{423E769C-A0E2-4B60-AE94-DC82CEC54290}.Release|Any CPU.Build.0 = Release|Any CPU
		{A4E4FDD8-8FC6-42F2-8F46-0123AA73EE93}.Debug|Any CPU.ActiveCfg = Debug|Any CPU
		{A4E4FDD8-8FC6-42F2-8F46-0123AA73EE93}.Debug|Any CPU.Build.0 = Debug|Any CPU
		{A4E4FDD8-8FC6-42F2-8F46-0123AA73EE93}.Release|Any CPU.ActiveCfg = Release|Any CPU
		{A4E4FDD8-8FC6-42F2-8F46-0123AA73EE93}.Release|Any CPU.Build.0 = Release|Any CPU
		{B20AB42F-A57F-4BC6-89D3-E472103EDF5D}.Debug|Any CPU.ActiveCfg = Debug|Any CPU
		{B20AB42F-A57F-4BC6-89D3-E472103EDF5D}.Debug|Any CPU.Build.0 = Debug|Any CPU
		{B20AB42F-A57F-4BC6-89D3-E472103EDF5D}.Release|Any CPU.ActiveCfg = Release|Any CPU
		{B20AB42F-A57F-4BC6-89D3-E472103EDF5D}.Release|Any CPU.Build.0 = Release|Any CPU
	EndGlobalSection
EndGlobal
